// !$*UTF8*$!
{
	archiveVersion = 1;
	classes = {
	};
	objectVersion = 50;
	objects = {

/* Begin PBXBuildFile section */
		7D33C5F2207782AF00AD9469 /* ZoomList.cpp in Sources */ = {isa = PBXBuildFile; fileRef = 7D33C5E4207782AF00AD9469 /* ZoomList.cpp */; };
		7D33C5F3207782AF00AD9469 /* Bitmap.cpp in Sources */ = {isa = PBXBuildFile; fileRef = 7D33C5E6207782AF00AD9469 /* Bitmap.cpp */; };
		7D33C5F4207782AF00AD9469 /* main.cpp in Sources */ = {isa = PBXBuildFile; fileRef = 7D33C5ED207782AF00AD9469 /* main.cpp */; };
		7D33C5F5207782AF00AD9469 /* FractalCreator.cpp in Sources */ = {isa = PBXBuildFile; fileRef = 7D33C5EE207782AF00AD9469 /* FractalCreator.cpp */; };
		7D33C5F6207782AF00AD9469 /* Mandelbrot.cpp in Sources */ = {isa = PBXBuildFile; fileRef = 7D33C5F0207782AF00AD9469 /* Mandelbrot.cpp */; };
		7D33C5F7207782AF00AD9469 /* RGB.cpp in Sources */ = {isa = PBXBuildFile; fileRef = 7D33C5F1207782AF00AD9469 /* RGB.cpp */; };
/* End PBXBuildFile section */

/* Begin PBXCopyFilesBuildPhase section */
		7D8B23272076072B0092E192 /* CopyFiles */ = {
			isa = PBXCopyFilesBuildPhase;
			buildActionMask = 2147483647;
			dstPath = /usr/share/man/man1/;
			dstSubfolderSpec = 0;
			files = (
			);
			runOnlyForDeploymentPostprocessing = 1;
		};
/* End PBXCopyFilesBuildPhase section */

/* Begin PBXFileReference section */
		7D33C5E4207782AF00AD9469 /* ZoomList.cpp */ = {isa = PBXFileReference; fileEncoding = 4; lastKnownFileType = sourcecode.cpp.cpp; name = ZoomList.cpp; path = ../../../Downloads/GettingPixelRanges/src/ZoomList.cpp; sourceTree = "<group>"; };
		7D33C5E5207782AF00AD9469 /* FractalCreator.h */ = {isa = PBXFileReference; fileEncoding = 4; lastKnownFileType = sourcecode.c.h; name = FractalCreator.h; path = ../../../Downloads/GettingPixelRanges/src/FractalCreator.h; sourceTree = "<group>"; };
		7D33C5E6207782AF00AD9469 /* Bitmap.cpp */ = {isa = PBXFileReference; fileEncoding = 4; lastKnownFileType = sourcecode.cpp.cpp; path = Bitmap.cpp; sourceTree = "<group>"; };
		7D33C5E7207782AF00AD9469 /* Zoom.h */ = {isa = PBXFileReference; fileEncoding = 4; lastKnownFileType = sourcecode.c.h; name = Zoom.h; path = ../../../Downloads/GettingPixelRanges/src/Zoom.h; sourceTree = "<group>"; };
		7D33C5E8207782AF00AD9469 /* ZoomList.h */ = {isa = PBXFileReference; fileEncoding = 4; lastKnownFileType = sourcecode.c.h; name = ZoomList.h; path = ../../../Downloads/GettingPixelRanges/src/ZoomList.h; sourceTree = "<group>"; };
		7D33C5E9207782AF00AD9469 /* RGB.h */ = {isa = PBXFileReference; fileEncoding = 4; lastKnownFileType = sourcecode.c.h; name = RGB.h; path = ../../../Downloads/GettingPixelRanges/src/RGB.h; sourceTree = "<group>"; };
		7D33C5EA207782AF00AD9469 /* Mandelbrot.h */ = {isa = PBXFileReference; fileEncoding = 4; lastKnownFileType = sourcecode.c.h; path = Mandelbrot.h; sourceTree = "<group>"; };
		7D33C5EB207782AF00AD9469 /* BitmapInfoHeader.h */ = {isa = PBXFileReference; fileEncoding = 4; lastKnownFileType = sourcecode.c.h; path = BitmapInfoHeader.h; sourceTree = "<group>"; };
		7D33C5EC207782AF00AD9469 /* BitmapFileHeader.h */ = {isa = PBXFileReference; fileEncoding = 4; lastKnownFileType = sourcecode.c.h; path = BitmapFileHeader.h; sourceTree = "<group>"; };
		7D33C5ED207782AF00AD9469 /* main.cpp */ = {isa = PBXFileReference; fileEncoding = 4; lastKnownFileType = sourcecode.cpp.cpp; path = main.cpp; sourceTree = "<group>"; };
		7D33C5EE207782AF00AD9469 /* FractalCreator.cpp */ = {isa = PBXFileReference; fileEncoding = 4; lastKnownFileType = sourcecode.cpp.cpp; name = FractalCreator.cpp; path = ../../../Downloads/GettingPixelRanges/src/FractalCreator.cpp; sourceTree = "<group>"; };
		7D33C5EF207782AF00AD9469 /* Bitmap.h */ = {isa = PBXFileReference; fileEncoding = 4; lastKnownFileType = sourcecode.c.h; path = Bitmap.h; sourceTree = "<group>"; };
		7D33C5F0207782AF00AD9469 /* Mandelbrot.cpp */ = {isa = PBXFileReference; fileEncoding = 4; lastKnownFileType = sourcecode.cpp.cpp; path = Mandelbrot.cpp; sourceTree = "<group>"; };
		7D33C5F1207782AF00AD9469 /* RGB.cpp */ = {isa = PBXFileReference; fileEncoding = 4; lastKnownFileType = sourcecode.cpp.cpp; name = RGB.cpp; path = ../../../Downloads/GettingPixelRanges/src/RGB.cpp; sourceTree = "<group>"; };
		7D8B23292076072B0092E192 /* Fractal Images */ = {isa = PBXFileReference; explicitFileType = "compiled.mach-o.executable"; includeInIndex = 0; path = "Fractal Images"; sourceTree = BUILT_PRODUCTS_DIR; };
/* End PBXFileReference section */

/* Begin PBXFrameworksBuildPhase section */
		7D8B23262076072B0092E192 /* Frameworks */ = {
			isa = PBXFrameworksBuildPhase;
			buildActionMask = 2147483647;
			files = (
			);
			runOnlyForDeploymentPostprocessing = 0;
		};
/* End PBXFrameworksBuildPhase section */

/* Begin PBXGroup section */
		7D8B23202076072B0092E192 = {
			isa = PBXGroup;
			children = (
				7D8B232B2076072B0092E192 /* Fractal Images */,
				7D8B232A2076072B0092E192 /* Products */,
			);
			sourceTree = "<group>";
		};
		7D8B232A2076072B0092E192 /* Products */ = {
			isa = PBXGroup;
			children = (
				7D8B23292076072B0092E192 /* Fractal Images */,
			);
			name = Products;
			sourceTree = "<group>";
		};
		7D8B232B2076072B0092E192 /* Fractal Images */ = {
			isa = PBXGroup;
			children = (
				7D33C5E6207782AF00AD9469 /* Bitmap.cpp */,
				7D33C5EF207782AF00AD9469 /* Bitmap.h */,
				7D33C5EC207782AF00AD9469 /* BitmapFileHeader.h */,
				7D33C5EB207782AF00AD9469 /* BitmapInfoHeader.h */,
				7D33C5EE207782AF00AD9469 /* FractalCreator.cpp */,
				7D33C5E5207782AF00AD9469 /* FractalCreator.h */,
				7D33C5ED207782AF00AD9469 /* main.cpp */,
				7D33C5F0207782AF00AD9469 /* Mandelbrot.cpp */,
				7D33C5EA207782AF00AD9469 /* Mandelbrot.h */,
				7D33C5F1207782AF00AD9469 /* RGB.cpp */,
				7D33C5E9207782AF00AD9469 /* RGB.h */,
				7D33C5E7207782AF00AD9469 /* Zoom.h */,
				7D33C5E4207782AF00AD9469 /* ZoomList.cpp */,
				7D33C5E8207782AF00AD9469 /* ZoomList.h */,
			);
			path = "Fractal Images";
			sourceTree = "<group>";
		};
/* End PBXGroup section */

/* Begin PBXNativeTarget section */
		7D8B23282076072B0092E192 /* Fractal Images */ = {
			isa = PBXNativeTarget;
			buildConfigurationList = 7D8B23302076072B0092E192 /* Build configuration list for PBXNativeTarget "Fractal Images" */;
			buildPhases = (
				7D8B23252076072B0092E192 /* Sources */,
				7D8B23262076072B0092E192 /* Frameworks */,
				7D8B23272076072B0092E192 /* CopyFiles */,
			);
			buildRules = (
			);
			dependencies = (
			);
			name = "Fractal Images";
			productName = "Factorial Images";
			productReference = 7D8B23292076072B0092E192 /* Fractal Images */;
			productType = "com.apple.product-type.tool";
		};
/* End PBXNativeTarget section */

/* Begin PBXProject section */
		7D8B23212076072B0092E192 /* Project object */ = {
			isa = PBXProject;
			attributes = {
				LastUpgradeCheck = 0930;
				ORGANIZATIONNAME = "Stefanos Mitropoulos";
				TargetAttributes = {
					7D8B23282076072B0092E192 = {
						CreatedOnToolsVersion = 9.3;
					};
				};
			};
			buildConfigurationList = 7D8B23242076072B0092E192 /* Build configuration list for PBXProject "Fractal Images" */;
			compatibilityVersion = "Xcode 9.3";
			developmentRegion = en;
			hasScannedForEncodings = 0;
			knownRegions = (
				en,
			);
			mainGroup = 7D8B23202076072B0092E192;
			productRefGroup = 7D8B232A2076072B0092E192 /* Products */;
			projectDirPath = "";
			projectRoot = "";
			targets = (
				7D8B23282076072B0092E192 /* Fractal Images */,
			);
		};
/* End PBXProject section */

/* Begin PBXSourcesBuildPhase section */
		7D8B23252076072B0092E192 /* Sources */ = {
			isa = PBXSourcesBuildPhase;
			buildActionMask = 2147483647;
			files = (
				7D33C5F5207782AF00AD9469 /* FractalCreator.cpp in Sources */,
				7D33C5F3207782AF00AD9469 /* Bitmap.cpp in Sources */,
				7D33C5F2207782AF00AD9469 /* ZoomList.cpp in Sources */,
				7D33C5F7207782AF00AD9469 /* RGB.cpp in Sources */,
				7D33C5F4207782AF00AD9469 /* main.cpp in Sources */,
				7D33C5F6207782AF00AD9469 /* Mandelbrot.cpp in Sources */,
			);
			runOnlyForDeploymentPostprocessing = 0;
		};
/* End PBXSourcesBuildPhase section */

/* Begin XCBuildConfiguration section */
		7D8B232E2076072B0092E192 /* Debug */ = {
			isa = XCBuildConfiguration;
			buildSettings = {
				ALWAYS_SEARCH_USER_PATHS = NO;
				CLANG_ANALYZER_NONNULL = YES;
				CLANG_ANALYZER_NUMBER_OBJECT_CONVERSION = YES_AGGRESSIVE;
				CLANG_CXX_LANGUAGE_STANDARD = "gnu++14";
				CLANG_CXX_LIBRARY = "libc++";
				CLANG_ENABLE_MODULES = YES;
				CLANG_ENABLE_OBJC_ARC = YES;
				CLANG_ENABLE_OBJC_WEAK = YES;
				CLANG_WARN_BLOCK_CAPTURE_AUTORELEASING = YES;
				CLANG_WARN_BOOL_CONVERSION = YES;
				CLANG_WARN_COMMA = YES;
				CLANG_WARN_CONSTANT_CONVERSION = YES;
				CLANG_WARN_DEPRECATED_OBJC_IMPLEMENTATIONS = YES;
				CLANG_WARN_DIRECT_OBJC_ISA_USAGE = YES_ERROR;
				CLANG_WARN_DOCUMENTATION_COMMENTS = YES;
				CLANG_WARN_EMPTY_BODY = YES;
				CLANG_WARN_ENUM_CONVERSION = YES;
				CLANG_WARN_INFINITE_RECURSION = YES;
				CLANG_WARN_INT_CONVERSION = YES;
				CLANG_WARN_NON_LITERAL_NULL_CONVERSION = YES;
				CLANG_WARN_OBJC_IMPLICIT_RETAIN_SELF = YES;
				CLANG_WARN_OBJC_LITERAL_CONVERSION = YES;
				CLANG_WARN_OBJC_ROOT_CLASS = YES_ERROR;
				CLANG_WARN_RANGE_LOOP_ANALYSIS = YES;
				CLANG_WARN_STRICT_PROTOTYPES = YES;
				CLANG_WARN_SUSPICIOUS_MOVE = YES;
				CLANG_WARN_UNGUARDED_AVAILABILITY = YES_AGGRESSIVE;
				CLANG_WARN_UNREACHABLE_CODE = YES;
				CLANG_WARN__DUPLICATE_METHOD_MATCH = YES;
				CODE_SIGN_IDENTITY = "-";
				COPY_PHASE_STRIP = NO;
				DEBUG_INFORMATION_FORMAT = dwarf;
				ENABLE_STRICT_OBJC_MSGSEND = YES;
				ENABLE_TESTABILITY = YES;
				GCC_C_LANGUAGE_STANDARD = gnu11;
				GCC_DYNAMIC_NO_PIC = NO;
				GCC_NO_COMMON_BLOCKS = YES;
				GCC_OPTIMIZATION_LEVEL = 0;
				GCC_PREPROCESSOR_DEFINITIONS = (
					"DEBUG=1",
					"$(inherited)",
				);
				GCC_WARN_64_TO_32_BIT_CONVERSION = YES;
				GCC_WARN_ABOUT_RETURN_TYPE = YES_ERROR;
				GCC_WARN_UNDECLARED_SELECTOR = YES;
				GCC_WARN_UNINITIALIZED_AUTOS = YES_AGGRESSIVE;
				GCC_WARN_UNUSED_FUNCTION = YES;
				GCC_WARN_UNUSED_VARIABLE = YES;
				MACOSX_DEPLOYMENT_TARGET = 10.13;
				MTL_ENABLE_DEBUG_INFO = YES;
				ONLY_ACTIVE_ARCH = YES;
				SDKROOT = macosx;
			};
			name = Debug;
		};
		7D8B232F2076072B0092E192 /* Release */ = {
			isa = XCBuildConfiguration;
			buildSettings = {
				ALWAYS_SEARCH_USER_PATHS = NO;
				CLANG_ANALYZER_NONNULL = YES;
				CLANG_ANALYZER_NUMBER_OBJECT_CONVERSION = YES_AGGRESSIVE;
				CLANG_CXX_LANGUAGE_STANDARD = "gnu++14";
				CLANG_CXX_LIBRARY = "libc++";
				CLANG_ENABLE_MODULES = YES;
				CLANG_ENABLE_OBJC_ARC = YES;
				CLANG_ENABLE_OBJC_WEAK = YES;
				CLANG_WARN_BLOCK_CAPTURE_AUTORELEASING = YES;
				CLANG_WARN_BOOL_CONVERSION = YES;
				CLANG_WARN_COMMA = YES;
				CLANG_WARN_CONSTANT_CONVERSION = YES;
				CLANG_WARN_DEPRECATED_OBJC_IMPLEMENTATIONS = YES;
				CLANG_WARN_DIRECT_OBJC_ISA_USAGE = YES_ERROR;
				CLANG_WARN_DOCUMENTATION_COMMENTS = YES;
				CLANG_WARN_EMPTY_BODY = YES;
				CLANG_WARN_ENUM_CONVERSION = YES;
				CLANG_WARN_INFINITE_RECURSION = YES;
				CLANG_WARN_INT_CONVERSION = YES;
				CLANG_WARN_NON_LITERAL_NULL_CONVERSION = YES;
				CLANG_WARN_OBJC_IMPLICIT_RETAIN_SELF = YES;
				CLANG_WARN_OBJC_LITERAL_CONVERSION = YES;
				CLANG_WARN_OBJC_ROOT_CLASS = YES_ERROR;
				CLANG_WARN_RANGE_LOOP_ANALYSIS = YES;
				CLANG_WARN_STRICT_PROTOTYPES = YES;
				CLANG_WARN_SUSPICIOUS_MOVE = YES;
				CLANG_WARN_UNGUARDED_AVAILABILITY = YES_AGGRESSIVE;
				CLANG_WARN_UNREACHABLE_CODE = YES;
				CLANG_WARN__DUPLICATE_METHOD_MATCH = YES;
				CODE_SIGN_IDENTITY = "-";
				COPY_PHASE_STRIP = NO;
				DEBUG_INFORMATION_FORMAT = "dwarf-with-dsym";
				ENABLE_NS_ASSERTIONS = NO;
				ENABLE_STRICT_OBJC_MSGSEND = YES;
				GCC_C_LANGUAGE_STANDARD = gnu11;
				GCC_NO_COMMON_BLOCKS = YES;
				GCC_WARN_64_TO_32_BIT_CONVERSION = YES;
				GCC_WARN_ABOUT_RETURN_TYPE = YES_ERROR;
				GCC_WARN_UNDECLARED_SELECTOR = YES;
				GCC_WARN_UNINITIALIZED_AUTOS = YES_AGGRESSIVE;
				GCC_WARN_UNUSED_FUNCTION = YES;
				GCC_WARN_UNUSED_VARIABLE = YES;
				MACOSX_DEPLOYMENT_TARGET = 10.13;
				MTL_ENABLE_DEBUG_INFO = NO;
				SDKROOT = macosx;
			};
			name = Release;
		};
		7D8B23312076072B0092E192 /* Debug */ = {
			isa = XCBuildConfiguration;
			buildSettings = {
				CODE_SIGN_STYLE = Automatic;
				PRODUCT_NAME = "$(TARGET_NAME)";
			};
			name = Debug;
		};
		7D8B23322076072B0092E192 /* Release */ = {
			isa = XCBuildConfiguration;
			buildSettings = {
				CODE_SIGN_STYLE = Automatic;
				PRODUCT_NAME = "$(TARGET_NAME)";
			};
			name = Release;
		};
/* End XCBuildConfiguration section */

/* Begin XCConfigurationList section */
		7D8B23242076072B0092E192 /* Build configuration list for PBXProject "Fractal Images" */ = {
			isa = XCConfigurationList;
			buildConfigurations = (
				7D8B232E2076072B0092E192 /* Debug */,
				7D8B232F2076072B0092E192 /* Release */,
			);
			defaultConfigurationIsVisible = 0;
			defaultConfigurationName = Release;
		};
		7D8B23302076072B0092E192 /* Build configuration list for PBXNativeTarget "Fractal Images" */ = {
			isa = XCConfigurationList;
			buildConfigurations = (
				7D8B23312076072B0092E192 /* Debug */,
				7D8B23322076072B0092E192 /* Release */,
			);
			defaultConfigurationIsVisible = 0;
			defaultConfigurationName = Release;
		};
/* End XCConfigurationList section */
	};
	rootObject = 7D8B23212076072B0092E192 /* Project object */;
}
